
Microsoft Visual Studio Solution File, Format Version 12.00
# Visual Studio Version 17
VisualStudioVersion = 16.0.30204.135
MinimumVisualStudioVersion = 10.0.40219.1
Project("{9A19103F-16F7-4668-BE54-9A1E7A4F7556}") = "XMLIO", "XMLIO\XMLIO.csproj", "{18F5C26A-D3E4-47CB-8122-682175B1650F}"
EndProject
Project("{FAE04EC0-301F-11D3-BF4B-00C04F79EFBC}") = "XMLIO.Tests", "XMLIO.Tests\XMLIO.Tests.csproj", "{14E8225E-F5E0-4453-A42C-C24870E9FA68}"
EndProject
Global
	GlobalSection(SolutionConfigurationPlatforms) = preSolution
		Debug|Any CPU = Debug|Any CPU
		Release|Any CPU = Release|Any CPU
	EndGlobalSection
	GlobalSection(ProjectConfigurationPlatforms) = postSolution
		{18F5C26A-D3E4-47CB-8122-682175B1650F}.Debug|Any CPU.ActiveCfg = Debug|Any CPU
		{18F5C26A-D3E4-47CB-8122-682175B1650F}.Debug|Any CPU.Build.0 = Debug|Any CPU
		{18F5C26A-D3E4-47CB-8122-682175B1650F}.Release|Any CPU.ActiveCfg = Release|Any CPU
		{18F5C26A-D3E4-47CB-8122-682175B1650F}.Release|Any CPU.Build.0 = Release|Any CPU
		{14E8225E-F5E0-4453-A42C-C24870E9FA68}.Debug|Any CPU.ActiveCfg = Debug|Any CPU
		{14E8225E-F5E0-4453-A42C-C24870E9FA68}.Debug|Any CPU.Build.0 = Debug|Any CPU
		{14E8225E-F5E0-4453-A42C-C24870E9FA68}.Release|Any CPU.ActiveCfg = Release|Any CPU
		{14E8225E-F5E0-4453-A42C-C24870E9FA68}.Release|Any CPU.Build.0 = Release|Any CPU
	EndGlobalSection
	GlobalSection(SolutionProperties) = preSolution
		HideSolutionNode = FALSE
	EndGlobalSection
	GlobalSection(ExtensibilityGlobals) = postSolution
		SolutionGuid = {AFCFBF05-E904-489C-A6C0-F8147A40C6B3}
	EndGlobalSection
EndGlobal
